
Microsoft Visual Studio Solution File, Format Version 12.00
# Visual Studio Version 16
VisualStudioVersion = 16.0.29306.81
MinimumVisualStudioVersion = 10.0.40219.1
Project("{FAE04EC0-301F-11D3-BF4B-00C04F79EFBC}") = "ByndyusoftTask", "ByndyusoftTask\ByndyusoftTask.csproj", "{2C177C5E-4D84-425A-BB9E-06701215213A}"
EndProject
Project("{FAE04EC0-301F-11D3-BF4B-00C04F79EFBC}") = "ByndyusoftTask.Tests", "ByndyusoftTaks.Test\ByndyusoftTask.Tests.csproj", "{DD4F41C3-A2F1-4B79-AF06-71443241ED7C}"
EndProject
Global
	GlobalSection(SolutionConfigurationPlatforms) = preSolution
		Debug|Any CPU = Debug|Any CPU
		Release|Any CPU = Release|Any CPU
	EndGlobalSection
	GlobalSection(ProjectConfigurationPlatforms) = postSolution
		{2C177C5E-4D84-425A-BB9E-06701215213A}.Debug|Any CPU.ActiveCfg = Debug|Any CPU
		{2C177C5E-4D84-425A-BB9E-06701215213A}.Debug|Any CPU.Build.0 = Debug|Any CPU
		{2C177C5E-4D84-425A-BB9E-06701215213A}.Release|Any CPU.ActiveCfg = Release|Any CPU
		{2C177C5E-4D84-425A-BB9E-06701215213A}.Release|Any CPU.Build.0 = Release|Any CPU
		{DD4F41C3-A2F1-4B79-AF06-71443241ED7C}.Debug|Any CPU.ActiveCfg = Debug|Any CPU
		{DD4F41C3-A2F1-4B79-AF06-71443241ED7C}.Debug|Any CPU.Build.0 = Debug|Any CPU
		{DD4F41C3-A2F1-4B79-AF06-71443241ED7C}.Release|Any CPU.ActiveCfg = Release|Any CPU
		{DD4F41C3-A2F1-4B79-AF06-71443241ED7C}.Release|Any CPU.Build.0 = Release|Any CPU
	EndGlobalSection
	GlobalSection(SolutionProperties) = preSolution
		HideSolutionNode = FALSE
	EndGlobalSection
	GlobalSection(ExtensibilityGlobals) = postSolution
		SolutionGuid = {84097202-5C0A-49BD-8A69-BE73CECEE530}
	EndGlobalSection
EndGlobal
